# THIS IS AN AUTOGENERATED FILE. DO NOT EDIT THIS FILE DIRECTLY.
# yarn lockfile v1


"@babel/code-frame@^7.0.0":
  version "7.12.13"
  resolved "https://registry.npmjs.org/@babel/code-frame/-/code-frame-7.12.13.tgz"
  dependencies:
    "@babel/highlight" "^7.12.13"

"@babel/helper-validator-identifier@^7.12.11":
  version "7.12.11"
  resolved "https://registry.npmjs.org/@babel/helper-validator-identifier/-/helper-validator-identifier-7.12.11.tgz"

"@babel/highlight@^7.12.13":
  version "7.13.10"
  resolved "https://registry.npmjs.org/@babel/highlight/-/highlight-7.13.10.tgz"
  dependencies:
    "@babel/helper-validator-identifier" "^7.12.11"
    chalk "^2.0.0"
    js-tokens "^4.0.0"

"@nodelib/fs.scandir@2.1.4":
  version "2.1.4"
  resolved "https://registry.npmjs.org/@nodelib/fs.scandir/-/fs.scandir-2.1.4.tgz"
  dependencies:
    "@nodelib/fs.stat" "2.0.4"
    run-parallel "^1.1.9"

"@nodelib/fs.stat@2.0.4", "@nodelib/fs.stat@^2.0.2":
  version "2.0.4"
  resolved "https://registry.npmjs.org/@nodelib/fs.stat/-/fs.stat-2.0.4.tgz"

"@nodelib/fs.walk@^1.2.3":
  version "1.2.6"
  resolved "https://registry.npmjs.org/@nodelib/fs.walk/-/fs.walk-1.2.6.tgz"
  dependencies:
    "@nodelib/fs.scandir" "2.1.4"
    fastq "^1.6.0"

"@percy/cli-app@1.11.0":
  version "1.11.0"
  resolved "https://registry.yarnpkg.com/@percy/cli-app/-/cli-app-1.11.0.tgz#aedf03af91bf66efaf9daacb9ed405c1fdb4376d"
  dependencies:
    "@percy/cli-command" "1.11.0"
    "@percy/cli-exec" "1.11.0"

"@percy/cli-build@1.11.0":
  version "1.11.0"
  resolved "https://registry.yarnpkg.com/@percy/cli-build/-/cli-build-1.11.0.tgz#1a93b96499b3b30adb086ef1f59dacd973d10c04"
  dependencies:
    "@percy/cli-command" "1.11.0"

"@percy/cli-command@1.11.0":
  version "1.11.0"
  resolved "https://registry.yarnpkg.com/@percy/cli-command/-/cli-command-1.11.0.tgz#db281e2b6d24d9172e0c49aa17d08f6524a7b8a1"
  dependencies:
    "@percy/config" "1.11.0"
    "@percy/core" "1.11.0"
    "@percy/logger" "1.11.0"

"@percy/cli-config@1.11.0":
  version "1.11.0"
  resolved "https://registry.yarnpkg.com/@percy/cli-config/-/cli-config-1.11.0.tgz#9ea8112d8c38f5ae641393707d2d3aa4cc7dca45"
  dependencies:
    "@percy/cli-command" "1.11.0"

"@percy/cli-exec@1.11.0":
  version "1.11.0"
  resolved "https://registry.yarnpkg.com/@percy/cli-exec/-/cli-exec-1.11.0.tgz#4013a632441acb410148501fc5488e39b326c45a"
  dependencies:
    "@percy/cli-command" "1.11.0"
    cross-spawn "^7.0.3"
    which "^2.0.2"

"@percy/cli-snapshot@1.11.0":
  version "1.11.0"
  resolved "https://registry.yarnpkg.com/@percy/cli-snapshot/-/cli-snapshot-1.11.0.tgz#ef7ba8aca26e03b1da6157e162ab00e87c8d7355"
  dependencies:
    "@percy/cli-command" "1.11.0"
    yaml "^2.0.0"

"@percy/cli-upload@1.11.0":
  version "1.11.0"
  resolved "https://registry.yarnpkg.com/@percy/cli-upload/-/cli-upload-1.11.0.tgz#60a85665f8ed6897c88793c70cd66a9476a94a4e"
  dependencies:
    "@percy/cli-command" "1.11.0"
    fast-glob "^3.2.11"
    image-size "^1.0.0"

"@percy/cli@^1.11.0":
  version "1.11.0"
  resolved "https://registry.yarnpkg.com/@percy/cli/-/cli-1.11.0.tgz#68709ebc4ea1ccddce607374c61d1ad9c9a2a44c"
  dependencies:
    "@percy/cli-app" "1.11.0"
    "@percy/cli-build" "1.11.0"
    "@percy/cli-command" "1.11.0"
    "@percy/cli-config" "1.11.0"
    "@percy/cli-exec" "1.11.0"
    "@percy/cli-snapshot" "1.11.0"
    "@percy/cli-upload" "1.11.0"
    "@percy/client" "1.11.0"
    "@percy/logger" "1.11.0"

"@percy/client@1.11.0":
  version "1.11.0"
  resolved "https://registry.yarnpkg.com/@percy/client/-/client-1.11.0.tgz#ac530ac5204196ee2bd8c0acbbf4ef0561f104a3"
  dependencies:
    "@percy/env" "1.11.0"
    "@percy/logger" "1.11.0"

"@percy/config@1.11.0":
  version "1.11.0"
  resolved "https://registry.yarnpkg.com/@percy/config/-/config-1.11.0.tgz#35b335fd2698c39652a0688b7b4fc016336121cf"
  dependencies:
    "@percy/logger" "1.11.0"
    ajv "^8.6.2"
    cosmiconfig "^7.0.0"
    yaml "^2.0.0"

"@percy/core@1.11.0":
  version "1.11.0"
  resolved "https://registry.yarnpkg.com/@percy/core/-/core-1.11.0.tgz#20d7068e37be4a7fda2cd7f10971eeab878d8e7a"
  dependencies:
    "@percy/client" "1.11.0"
    "@percy/config" "1.11.0"
    "@percy/dom" "1.11.0"
    "@percy/logger" "1.11.0"
    content-disposition "^0.5.4"
    cross-spawn "^7.0.3"
    extract-zip "^2.0.1"
    fast-glob "^3.2.11"
    micromatch "^4.0.4"
    mime-types "^2.1.34"
    path-to-regexp "^6.2.0"
    rimraf "^3.0.2"
    ws "^8.0.0"

"@percy/dom@1.11.0":
  version "1.11.0"
  resolved "https://registry.yarnpkg.com/@percy/dom/-/dom-1.11.0.tgz#998080c3c3b5160eb1c58e8543ebb89ed0ca63a1"

"@percy/env@1.11.0":
  version "1.11.0"
  resolved "https://registry.yarnpkg.com/@percy/env/-/env-1.11.0.tgz#002cc369d93a4cf9a8ceb2e71aa7cbc2d5faa288"

"@percy/logger@1.11.0":
  version "1.11.0"
  resolved "https://registry.yarnpkg.com/@percy/logger/-/logger-1.11.0.tgz#0decfb64bd399925b8a4edbe1dc17186bb631e00"

"@types/node@*":
  version "12.7.5"
  resolved "https://registry.npmjs.org/@types/node/-/node-12.7.5.tgz"

"@types/parse-json@^4.0.0":
  version "4.0.0"
  resolved "https://registry.npmjs.org/@types/parse-json/-/parse-json-4.0.0.tgz"

"@types/yauzl@^2.9.1":
  version "2.9.1"
  resolved "https://registry.npmjs.org/@types/yauzl/-/yauzl-2.9.1.tgz"
  dependencies:
    "@types/node" "*"

ajv@^8.6.2:
  version "8.6.2"
  resolved "https://registry.npmjs.org/ajv/-/ajv-8.6.2.tgz"
  dependencies:
    fast-deep-equal "^3.1.1"
    json-schema-traverse "^1.0.0"
    require-from-string "^2.0.2"
    uri-js "^4.2.2"

ansi-styles@^3.2.1:
  version "3.2.1"
  resolved "https://registry.npmjs.org/ansi-styles/-/ansi-styles-3.2.1.tgz"
  dependencies:
    color-convert "^1.9.0"

balanced-match@^1.0.0:
  version "1.0.0"
  resolved "https://registry.npmjs.org/balanced-match/-/balanced-match-1.0.0.tgz"

brace-expansion@^1.1.7:
  version "1.1.11"
  resolved "https://registry.npmjs.org/brace-expansion/-/brace-expansion-1.1.11.tgz"
  dependencies:
    balanced-match "^1.0.0"
    concat-map "0.0.1"

braces@^3.0.2:
  version "3.0.2"
  resolved "https://registry.yarnpkg.com/braces/-/braces-3.0.2.tgz#3454e1a462ee8d599e236df336cd9ea4f8afe107"
  dependencies:
    fill-range "^7.0.1"

buffer-crc32@~0.2.3:
  version "0.2.13"
  resolved "https://registry.npmjs.org/buffer-crc32/-/buffer-crc32-0.2.13.tgz"

callsites@^3.0.0:
  version "3.1.0"
  resolved "https://registry.npmjs.org/callsites/-/callsites-3.1.0.tgz"

chalk@^2.0.0:
  version "2.4.2"
  resolved "https://registry.npmjs.org/chalk/-/chalk-2.4.2.tgz"
  dependencies:
    ansi-styles "^3.2.1"
    escape-string-regexp "^1.0.5"
    supports-color "^5.3.0"

color-convert@^1.9.0:
  version "1.9.3"
  resolved "https://registry.npmjs.org/color-convert/-/color-convert-1.9.3.tgz"
  dependencies:
    color-name "1.1.3"

color-name@1.1.3:
  version "1.1.3"
  resolved "https://registry.npmjs.org/color-name/-/color-name-1.1.3.tgz"

concat-map@0.0.1:
  version "0.0.1"
  resolved "https://registry.npmjs.org/concat-map/-/concat-map-0.0.1.tgz"

content-disposition@^0.5.4:
  version "0.5.4"
  resolved "https://registry.yarnpkg.com/content-disposition/-/content-disposition-0.5.4.tgz#8b82b4efac82512a02bb0b1dcec9d2c5e8eb5bfe"
  dependencies:
    safe-buffer "5.2.1"

cosmiconfig@^7.0.0:
  version "7.0.0"
  resolved "https://registry.npmjs.org/cosmiconfig/-/cosmiconfig-7.0.0.tgz"
  dependencies:
    "@types/parse-json" "^4.0.0"
    import-fresh "^3.2.1"
    parse-json "^5.0.0"
    path-type "^4.0.0"
    yaml "^1.10.0"

cross-spawn@^7.0.3:
  version "7.0.3"
  resolved "https://registry.npmjs.org/cross-spawn/-/cross-spawn-7.0.3.tgz"
  dependencies:
    path-key "^3.1.0"
    shebang-command "^2.0.0"
    which "^2.0.1"

debug@^4.1.1:
  version "4.1.1"
  resolved "https://registry.npmjs.org/debug/-/debug-4.1.1.tgz"
  dependencies:
    ms "^2.1.1"

end-of-stream@^1.1.0:
  version "1.4.4"
  resolved "https://registry.npmjs.org/end-of-stream/-/end-of-stream-1.4.4.tgz"
  dependencies:
    once "^1.4.0"

error-ex@^1.3.1:
  version "1.3.2"
  resolved "https://registry.npmjs.org/error-ex/-/error-ex-1.3.2.tgz"
  dependencies:
    is-arrayish "^0.2.1"

escape-string-regexp@^1.0.5:
  version "1.0.5"
  resolved "https://registry.npmjs.org/escape-string-regexp/-/escape-string-regexp-1.0.5.tgz"

extract-zip@^2.0.1:
  version "2.0.1"
  resolved "https://registry.npmjs.org/extract-zip/-/extract-zip-2.0.1.tgz"
  dependencies:
    debug "^4.1.1"
    get-stream "^5.1.0"
    yauzl "^2.10.0"
  optionalDependencies:
    "@types/yauzl" "^2.9.1"

fast-deep-equal@^3.1.1:
  version "3.1.3"
  resolved "https://registry.npmjs.org/fast-deep-equal/-/fast-deep-equal-3.1.3.tgz"

fast-glob@^3.2.11:
  version "3.2.12"
  resolved "https://registry.yarnpkg.com/fast-glob/-/fast-glob-3.2.12.tgz#7f39ec99c2e6ab030337142da9e0c18f37afae80"
  dependencies:
    "@nodelib/fs.stat" "^2.0.2"
    "@nodelib/fs.walk" "^1.2.3"
    glob-parent "^5.1.2"
    merge2 "^1.3.0"
    micromatch "^4.0.4"

fastq@^1.6.0:
  version "1.6.0"
  resolved "https://registry.npmjs.org/fastq/-/fastq-1.6.0.tgz"
  dependencies:
    reusify "^1.0.0"

fd-slicer@~1.1.0:
  version "1.1.0"
  resolved "https://registry.npmjs.org/fd-slicer/-/fd-slicer-1.1.0.tgz"
  dependencies:
    pend "~1.2.0"

fill-range@^7.0.1:
  version "7.0.1"
  resolved "https://registry.npmjs.org/fill-range/-/fill-range-7.0.1.tgz"
  dependencies:
    to-regex-range "^5.0.1"

fs.realpath@^1.0.0:
  version "1.0.0"
  resolved "https://registry.npmjs.org/fs.realpath/-/fs.realpath-1.0.0.tgz"

get-stream@^5.1.0:
  version "5.2.0"
  resolved "https://registry.npmjs.org/get-stream/-/get-stream-5.2.0.tgz"
  dependencies:
    pump "^3.0.0"

glob-parent@^5.1.2:
  version "5.1.2"
  resolved "https://registry.yarnpkg.com/glob-parent/-/glob-parent-5.1.2.tgz#869832c58034fe68a4093c17dc15e8340d8401c4"
  dependencies:
    is-glob "^4.0.1"

glob@^7.1.3:
  version "7.1.4"
  resolved "https://registry.npmjs.org/glob/-/glob-7.1.4.tgz"
  dependencies:
    fs.realpath "^1.0.0"
    inflight "^1.0.4"
    inherits "2"
    minimatch "^3.0.4"
    once "^1.3.0"
    path-is-absolute "^1.0.0"

has-flag@^3.0.0:
  version "3.0.0"
  resolved "https://registry.npmjs.org/has-flag/-/has-flag-3.0.0.tgz"

image-size@^1.0.0:
  version "1.0.0"
  resolved "https://registry.npmjs.org/image-size/-/image-size-1.0.0.tgz"
  dependencies:
    queue "6.0.2"

import-fresh@^3.2.1:
  version "3.3.0"
  resolved "https://registry.npmjs.org/import-fresh/-/import-fresh-3.3.0.tgz"
  dependencies:
    parent-module "^1.0.0"
    resolve-from "^4.0.0"

inflight@^1.0.4:
  version "1.0.6"
  resolved "https://registry.npmjs.org/inflight/-/inflight-1.0.6.tgz"
  dependencies:
    once "^1.3.0"
    wrappy "1"

inherits@2, inherits@~2.0.3:
  version "2.0.4"
  resolved "https://registry.npmjs.org/inherits/-/inherits-2.0.4.tgz"

is-arrayish@^0.2.1:
  version "0.2.1"
  resolved "https://registry.npmjs.org/is-arrayish/-/is-arrayish-0.2.1.tgz"

is-extglob@^2.1.1:
  version "2.1.1"
  resolved "https://registry.npmjs.org/is-extglob/-/is-extglob-2.1.1.tgz"

is-glob@^4.0.1:
  version "4.0.1"
  resolved "https://registry.npmjs.org/is-glob/-/is-glob-4.0.1.tgz"
  dependencies:
    is-extglob "^2.1.1"

is-number@^7.0.0:
  version "7.0.0"
  resolved "https://registry.npmjs.org/is-number/-/is-number-7.0.0.tgz"

isexe@^2.0.0:
  version "2.0.0"
  resolved "https://registry.npmjs.org/isexe/-/isexe-2.0.0.tgz"

js-tokens@^4.0.0:
  version "4.0.0"
  resolved "https://registry.npmjs.org/js-tokens/-/js-tokens-4.0.0.tgz"

json-parse-even-better-errors@^2.3.0:
  version "2.3.1"
  resolved "https://registry.npmjs.org/json-parse-even-better-errors/-/json-parse-even-better-errors-2.3.1.tgz"

json-schema-traverse@^1.0.0:
  version "1.0.0"
  resolved "https://registry.npmjs.org/json-schema-traverse/-/json-schema-traverse-1.0.0.tgz"

lines-and-columns@^1.1.6:
  version "1.1.6"
  resolved "https://registry.npmjs.org/lines-and-columns/-/lines-and-columns-1.1.6.tgz"

merge2@^1.3.0:
  version "1.4.1"
  resolved "https://registry.npmjs.org/merge2/-/merge2-1.4.1.tgz"

micromatch@^4.0.4:
  version "4.0.5"
  resolved "https://registry.yarnpkg.com/micromatch/-/micromatch-4.0.5.tgz#bc8999a7cbbf77cdc89f132f6e467051b49090c6"
  dependencies:
    braces "^3.0.2"
    picomatch "^2.3.1"

mime-db@1.52.0:
  version "1.52.0"
  resolved "https://registry.yarnpkg.com/mime-db/-/mime-db-1.52.0.tgz#bbabcdc02859f4987301c856e3387ce5ec43bf70"

mime-types@^2.1.34:
  version "2.1.35"
  resolved "https://registry.yarnpkg.com/mime-types/-/mime-types-2.1.35.tgz#381a871b62a734450660ae3deee44813f70d959a"
  dependencies:
    mime-db "1.52.0"

minimatch@^3.0.4:
  version "3.0.4"
  resolved "https://registry.npmjs.org/minimatch/-/minimatch-3.0.4.tgz"
  dependencies:
    brace-expansion "^1.1.7"

ms@^2.1.1:
  version "2.1.2"
  resolved "https://registry.npmjs.org/ms/-/ms-2.1.2.tgz"

once@^1.3.0, once@^1.3.1, once@^1.4.0:
  version "1.4.0"
  resolved "https://registry.npmjs.org/once/-/once-1.4.0.tgz"
  dependencies:
    wrappy "1"

parent-module@^1.0.0:
  version "1.0.1"
  resolved "https://registry.npmjs.org/parent-module/-/parent-module-1.0.1.tgz"
  dependencies:
    callsites "^3.0.0"

parse-json@^5.0.0:
  version "5.2.0"
  resolved "https://registry.npmjs.org/parse-json/-/parse-json-5.2.0.tgz"
  dependencies:
    "@babel/code-frame" "^7.0.0"
    error-ex "^1.3.1"
    json-parse-even-better-errors "^2.3.0"
    lines-and-columns "^1.1.6"

path-is-absolute@^1.0.0:
  version "1.0.1"
  resolved "https://registry.npmjs.org/path-is-absolute/-/path-is-absolute-1.0.1.tgz"

path-key@^3.1.0:
  version "3.1.1"
  resolved "https://registry.npmjs.org/path-key/-/path-key-3.1.1.tgz"

path-to-regexp@^6.2.0:
  version "6.2.0"
  resolved "https://registry.npmjs.org/path-to-regexp/-/path-to-regexp-6.2.0.tgz"

path-type@^4.0.0:
  version "4.0.0"
  resolved "https://registry.npmjs.org/path-type/-/path-type-4.0.0.tgz"

pend@~1.2.0:
  version "1.2.0"
  resolved "https://registry.npmjs.org/pend/-/pend-1.2.0.tgz"

picomatch@^2.3.1:
  version "2.3.1"
  resolved "https://registry.yarnpkg.com/picomatch/-/picomatch-2.3.1.tgz#3ba3833733646d9d3e4995946c1365a67fb07a42"

pump@^3.0.0:
  version "3.0.0"
  resolved "https://registry.npmjs.org/pump/-/pump-3.0.0.tgz"
  dependencies:
    end-of-stream "^1.1.0"
    once "^1.3.1"

punycode@^2.1.0:
  version "2.1.1"
  resolved "https://registry.npmjs.org/punycode/-/punycode-2.1.1.tgz"

queue@6.0.2:
  version "6.0.2"
  resolved "https://registry.npmjs.org/queue/-/queue-6.0.2.tgz"
  dependencies:
    inherits "~2.0.3"

require-from-string@^2.0.2:
  version "2.0.2"
  resolved "https://registry.npmjs.org/require-from-string/-/require-from-string-2.0.2.tgz"

resolve-from@^4.0.0:
  version "4.0.0"
  resolved "https://registry.npmjs.org/resolve-from/-/resolve-from-4.0.0.tgz"

reusify@^1.0.0:
  version "1.0.4"
  resolved "https://registry.npmjs.org/reusify/-/reusify-1.0.4.tgz"

rimraf@^3.0.2:
  version "3.0.2"
  resolved "https://registry.npmjs.org/rimraf/-/rimraf-3.0.2.tgz"
  dependencies:
    glob "^7.1.3"

run-parallel@^1.1.9:
  version "1.1.9"
  resolved "https://registry.npmjs.org/run-parallel/-/run-parallel-1.1.9.tgz"

safe-buffer@5.2.1:
  version "5.2.1"
  resolved "https://registry.yarnpkg.com/safe-buffer/-/safe-buffer-5.2.1.tgz#1eaf9fa9bdb1fdd4ec75f58f9cdb4e6b7827eec6"

shebang-command@^2.0.0:
  version "2.0.0"
  resolved "https://registry.npmjs.org/shebang-command/-/shebang-command-2.0.0.tgz"
  dependencies:
    shebang-regex "^3.0.0"

shebang-regex@^3.0.0:
  version "3.0.0"
  resolved "https://registry.npmjs.org/shebang-regex/-/shebang-regex-3.0.0.tgz"

supports-color@^5.3.0:
  version "5.5.0"
  resolved "https://registry.npmjs.org/supports-color/-/supports-color-5.5.0.tgz"
  dependencies:
    has-flag "^3.0.0"

to-regex-range@^5.0.1:
  version "5.0.1"
  resolved "https://registry.npmjs.org/to-regex-range/-/to-regex-range-5.0.1.tgz"
  dependencies:
    is-number "^7.0.0"

uri-js@^4.2.2:
  version "4.2.2"
  resolved "https://registry.npmjs.org/uri-js/-/uri-js-4.2.2.tgz"
  dependencies:
    punycode "^2.1.0"

which@^2.0.1, which@^2.0.2:
  version "2.0.2"
  resolved "https://registry.npmjs.org/which/-/which-2.0.2.tgz"
  dependencies:
    isexe "^2.0.0"

wrappy@1:
  version "1.0.2"
  resolved "https://registry.npmjs.org/wrappy/-/wrappy-1.0.2.tgz"

ws@^8.0.0:
  version "8.0.0"
  resolved "https://registry.npmjs.org/ws/-/ws-8.0.0.tgz"

yaml@^1.10.0:
  version "1.10.2"
  resolved "https://registry.npmjs.org/yaml/-/yaml-1.10.2.tgz"

yaml@^2.0.0:
  version "2.1.3"
  resolved "https://registry.yarnpkg.com/yaml/-/yaml-2.1.3.tgz#9b3a4c8aff9821b696275c79a8bee8399d945207"

yauzl@^2.10.0:
  version "2.10.0"
  resolved "https://registry.npmjs.org/yauzl/-/yauzl-2.10.0.tgz"
  dependencies:
    buffer-crc32 "~0.2.3"
    fd-slicer "~1.1.0"
