# THIS IS AN AUTOGENERATED FILE. DO NOT EDIT THIS FILE DIRECTLY.
# yarn lockfile v1


"@babel/code-frame@^7.0.0":
  version "7.12.13"
  resolved "https://registry.npmjs.org/@babel/code-frame/-/code-frame-7.12.13.tgz"
  dependencies:
    "@babel/highlight" "^7.12.13"

"@babel/helper-validator-identifier@^7.12.11":
  version "7.12.11"
  resolved "https://registry.npmjs.org/@babel/helper-validator-identifier/-/helper-validator-identifier-7.12.11.tgz"

"@babel/highlight@^7.12.13":
  version "7.13.10"
  resolved "https://registry.npmjs.org/@babel/highlight/-/highlight-7.13.10.tgz"
  dependencies:
    "@babel/helper-validator-identifier" "^7.12.11"
    chalk "^2.0.0"
    js-tokens "^4.0.0"

"@nodelib/fs.scandir@2.1.4":
  version "2.1.4"
  resolved "https://registry.npmjs.org/@nodelib/fs.scandir/-/fs.scandir-2.1.4.tgz"
  dependencies:
    "@nodelib/fs.stat" "2.0.4"
    run-parallel "^1.1.9"

"@nodelib/fs.stat@2.0.4", "@nodelib/fs.stat@^2.0.2":
  version "2.0.4"
  resolved "https://registry.npmjs.org/@nodelib/fs.stat/-/fs.stat-2.0.4.tgz"

"@nodelib/fs.walk@^1.2.3":
  version "1.2.6"
  resolved "https://registry.npmjs.org/@nodelib/fs.walk/-/fs.walk-1.2.6.tgz"
  dependencies:
    "@nodelib/fs.scandir" "2.1.4"
    fastq "^1.6.0"

"@oclif/command@^1.5.20", "@oclif/command@^1.8.0":
  version "1.8.0"
  resolved "https://registry.npmjs.org/@oclif/command/-/command-1.8.0.tgz"
  dependencies:
    "@oclif/config" "^1.15.1"
    "@oclif/errors" "^1.3.3"
    "@oclif/parser" "^3.8.3"
    "@oclif/plugin-help" "^3"
    debug "^4.1.1"
    semver "^7.3.2"

"@oclif/config@^1.15.1", "@oclif/config@^1.17.0":
  version "1.17.0"
  resolved "https://registry.npmjs.org/@oclif/config/-/config-1.17.0.tgz"
  dependencies:
    "@oclif/errors" "^1.3.3"
    "@oclif/parser" "^3.8.0"
    debug "^4.1.1"
    globby "^11.0.1"
    is-wsl "^2.1.1"
    tslib "^2.0.0"

"@oclif/errors@^1.2.2", "@oclif/errors@^1.3.3":
  version "1.3.4"
  resolved "https://registry.npmjs.org/@oclif/errors/-/errors-1.3.4.tgz"
  dependencies:
    clean-stack "^3.0.0"
    fs-extra "^8.1"
    indent-string "^4.0.0"
    strip-ansi "^6.0.0"
    wrap-ansi "^7.0.0"

"@oclif/linewrap@^1.0.0":
  version "1.0.0"
  resolved "https://registry.npmjs.org/@oclif/linewrap/-/linewrap-1.0.0.tgz"

"@oclif/parser@^3.8.0", "@oclif/parser@^3.8.3":
  version "3.8.4"
  resolved "https://registry.npmjs.org/@oclif/parser/-/parser-3.8.4.tgz"
  dependencies:
    "@oclif/linewrap" "^1.0.0"
    chalk "^2.4.2"
    tslib "^1.9.3"

"@oclif/plugin-help@^3", "@oclif/plugin-help@^3.2.0":
  version "3.2.2"
  resolved "https://registry.npmjs.org/@oclif/plugin-help/-/plugin-help-3.2.2.tgz"
  dependencies:
    "@oclif/command" "^1.5.20"
    "@oclif/config" "^1.15.1"
    "@oclif/errors" "^1.2.2"
    chalk "^4.1.0"
    indent-string "^4.0.0"
    lodash.template "^4.4.0"
    string-width "^4.2.0"
    strip-ansi "^6.0.0"
    widest-line "^3.1.0"
    wrap-ansi "^4.0.0"

"@percy/cli-build@1.0.0-beta.69":
  version "1.0.0-beta.69"
  resolved "https://registry.yarnpkg.com/@percy/cli-build/-/cli-build-1.0.0-beta.69.tgz#0ee711edd7395417a7cc19fe59fa990f6f68c329"
  dependencies:
    "@percy/cli-command" "1.0.0-beta.69"
    "@percy/client" "1.0.0-beta.69"
    "@percy/env" "1.0.0-beta.69"
    "@percy/logger" "1.0.0-beta.69"

"@percy/cli-command@1.0.0-beta.69":
  version "1.0.0-beta.69"
  resolved "https://registry.yarnpkg.com/@percy/cli-command/-/cli-command-1.0.0-beta.69.tgz#87629eda52a4d70302606c3e6b08ecc565da5a70"
  dependencies:
    "@oclif/command" "^1.8.0"
    "@oclif/config" "^1.17.0"
    "@oclif/plugin-help" "^3.2.0"
    "@percy/config" "1.0.0-beta.69"
    "@percy/logger" "1.0.0-beta.69"

"@percy/cli-config@1.0.0-beta.69":
  version "1.0.0-beta.69"
  resolved "https://registry.yarnpkg.com/@percy/cli-config/-/cli-config-1.0.0-beta.69.tgz#ce9fd0c9431e596591a851ea9e864df9198f9e42"
  dependencies:
    "@oclif/command" "^1.8.0"
    "@oclif/config" "^1.17.0"
    "@percy/config" "1.0.0-beta.69"
    "@percy/logger" "1.0.0-beta.69"

"@percy/cli-exec@1.0.0-beta.69":
  version "1.0.0-beta.69"
  resolved "https://registry.yarnpkg.com/@percy/cli-exec/-/cli-exec-1.0.0-beta.69.tgz#0348bd272d1a97ecae75ce0588d297dc8e4ea63a"
  dependencies:
    "@percy/cli-command" "1.0.0-beta.69"
    "@percy/core" "1.0.0-beta.69"
    "@percy/logger" "1.0.0-beta.69"
    cross-spawn "^7.0.3"
    which "^2.0.2"

"@percy/cli-snapshot@1.0.0-beta.69":
  version "1.0.0-beta.69"
  resolved "https://registry.yarnpkg.com/@percy/cli-snapshot/-/cli-snapshot-1.0.0-beta.69.tgz#fc6dfd38052c10bd6cbc8487753b5ffb513b6982"
  dependencies:
    "@percy/cli-command" "1.0.0-beta.69"
    "@percy/config" "1.0.0-beta.69"
    "@percy/core" "1.0.0-beta.69"
    "@percy/dom" "1.0.0-beta.69"
    "@percy/logger" "1.0.0-beta.69"
    globby "^11.0.4"
    path-to-regexp "^6.2.0"
    picomatch "^2.3.0"
    serve-handler "^6.1.3"
    yaml "^1.10.0"

"@percy/cli-upload@1.0.0-beta.69":
  version "1.0.0-beta.69"
  resolved "https://registry.yarnpkg.com/@percy/cli-upload/-/cli-upload-1.0.0-beta.69.tgz#a196b14bd9138b878164a64215fe1b856bd724a6"
  dependencies:
    "@percy/cli-command" "1.0.0-beta.69"
    "@percy/client" "1.0.0-beta.69"
    "@percy/config" "1.0.0-beta.69"
    "@percy/logger" "1.0.0-beta.69"
    globby "^11.0.4"
    image-size "^1.0.0"

"@percy/cli@^1.0.0-beta.69":
  version "1.0.0-beta.69"
  resolved "https://registry.yarnpkg.com/@percy/cli/-/cli-1.0.0-beta.69.tgz#323868d2737918ea3ad52907b84488dc2c9759d2"
  dependencies:
    "@oclif/plugin-help" "^3.2.0"
    "@percy/cli-build" "1.0.0-beta.69"
    "@percy/cli-config" "1.0.0-beta.69"
    "@percy/cli-exec" "1.0.0-beta.69"
    "@percy/cli-snapshot" "1.0.0-beta.69"
    "@percy/cli-upload" "1.0.0-beta.69"

"@percy/client@1.0.0-beta.69":
  version "1.0.0-beta.69"
  resolved "https://registry.yarnpkg.com/@percy/client/-/client-1.0.0-beta.69.tgz#224ec9373f7894777ca0b4f3df9a7dd96ff8d78e"
  dependencies:
    "@percy/env" "1.0.0-beta.69"
    "@percy/logger" "1.0.0-beta.69"

"@percy/config@1.0.0-beta.69":
  version "1.0.0-beta.69"
  resolved "https://registry.yarnpkg.com/@percy/config/-/config-1.0.0-beta.69.tgz#2d008af46185a8454758f1aa734fa24710b8cd79"
  dependencies:
    "@percy/logger" "1.0.0-beta.69"
    ajv "^8.6.2"
    cosmiconfig "^7.0.0"
    yaml "^1.10.0"

"@percy/core@1.0.0-beta.69":
  version "1.0.0-beta.69"
  resolved "https://registry.yarnpkg.com/@percy/core/-/core-1.0.0-beta.69.tgz#064ca05ab9582c15773032b47d17e9217edc72a4"
  dependencies:
    "@percy/client" "1.0.0-beta.69"
    "@percy/config" "1.0.0-beta.69"
    "@percy/dom" "1.0.0-beta.69"
    "@percy/logger" "1.0.0-beta.69"
    cross-spawn "^7.0.3"
    extract-zip "^2.0.1"
    rimraf "^3.0.2"
    ws "^8.0.0"

"@percy/dom@1.0.0-beta.69":
  version "1.0.0-beta.69"
  resolved "https://registry.yarnpkg.com/@percy/dom/-/dom-1.0.0-beta.69.tgz#53079cb9e0a10fad5752f7c76b3dd1aa2dc5628d"

"@percy/env@1.0.0-beta.69":
  version "1.0.0-beta.69"
  resolved "https://registry.yarnpkg.com/@percy/env/-/env-1.0.0-beta.69.tgz#a96a8df42a8937fd97aa533fd90bbde5d7c7bcdc"

"@percy/logger@1.0.0-beta.69":
  version "1.0.0-beta.69"
  resolved "https://registry.yarnpkg.com/@percy/logger/-/logger-1.0.0-beta.69.tgz#29fcd7431f3d5a2cc55c4d7849d6ac340ad7ad03"

"@types/node@*":
  version "12.7.5"
  resolved "https://registry.npmjs.org/@types/node/-/node-12.7.5.tgz"

"@types/parse-json@^4.0.0":
  version "4.0.0"
  resolved "https://registry.npmjs.org/@types/parse-json/-/parse-json-4.0.0.tgz"

"@types/yauzl@^2.9.1":
  version "2.9.1"
  resolved "https://registry.npmjs.org/@types/yauzl/-/yauzl-2.9.1.tgz"
  dependencies:
    "@types/node" "*"

ajv@^8.6.2:
  version "8.6.2"
  resolved "https://registry.npmjs.org/ajv/-/ajv-8.6.2.tgz"
  dependencies:
    fast-deep-equal "^3.1.1"
    json-schema-traverse "^1.0.0"
    require-from-string "^2.0.2"
    uri-js "^4.2.2"

ansi-regex@^3.0.0:
  version "3.0.0"
  resolved "https://registry.npmjs.org/ansi-regex/-/ansi-regex-3.0.0.tgz"

ansi-regex@^5.0.0:
  version "5.0.0"
  resolved "https://registry.npmjs.org/ansi-regex/-/ansi-regex-5.0.0.tgz"

ansi-styles@^3.2.0, ansi-styles@^3.2.1:
  version "3.2.1"
  resolved "https://registry.npmjs.org/ansi-styles/-/ansi-styles-3.2.1.tgz"
  dependencies:
    color-convert "^1.9.0"

ansi-styles@^4.0.0, ansi-styles@^4.1.0:
  version "4.3.0"
  resolved "https://registry.npmjs.org/ansi-styles/-/ansi-styles-4.3.0.tgz"
  dependencies:
    color-convert "^2.0.1"

array-union@^2.1.0:
  version "2.1.0"
  resolved "https://registry.npmjs.org/array-union/-/array-union-2.1.0.tgz"

balanced-match@^1.0.0:
  version "1.0.0"
  resolved "https://registry.npmjs.org/balanced-match/-/balanced-match-1.0.0.tgz"

brace-expansion@^1.1.7:
  version "1.1.11"
  resolved "https://registry.npmjs.org/brace-expansion/-/brace-expansion-1.1.11.tgz"
  dependencies:
    balanced-match "^1.0.0"
    concat-map "0.0.1"

braces@^3.0.1:
  version "3.0.2"
  resolved "https://registry.npmjs.org/braces/-/braces-3.0.2.tgz"
  dependencies:
    fill-range "^7.0.1"

buffer-crc32@~0.2.3:
  version "0.2.13"
  resolved "https://registry.npmjs.org/buffer-crc32/-/buffer-crc32-0.2.13.tgz"

bytes@3.0.0:
  version "3.0.0"
  resolved "https://registry.npmjs.org/bytes/-/bytes-3.0.0.tgz"

callsites@^3.0.0:
  version "3.1.0"
  resolved "https://registry.npmjs.org/callsites/-/callsites-3.1.0.tgz"

chalk@^2.0.0, chalk@^2.4.2:
  version "2.4.2"
  resolved "https://registry.npmjs.org/chalk/-/chalk-2.4.2.tgz"
  dependencies:
    ansi-styles "^3.2.1"
    escape-string-regexp "^1.0.5"
    supports-color "^5.3.0"

chalk@^4.1.0:
  version "4.1.0"
  resolved "https://registry.npmjs.org/chalk/-/chalk-4.1.0.tgz"
  dependencies:
    ansi-styles "^4.1.0"
    supports-color "^7.1.0"

clean-stack@^3.0.0:
  version "3.0.1"
  resolved "https://registry.npmjs.org/clean-stack/-/clean-stack-3.0.1.tgz"
  dependencies:
    escape-string-regexp "4.0.0"

color-convert@^1.9.0:
  version "1.9.3"
  resolved "https://registry.npmjs.org/color-convert/-/color-convert-1.9.3.tgz"
  dependencies:
    color-name "1.1.3"

color-convert@^2.0.1:
  version "2.0.1"
  resolved "https://registry.npmjs.org/color-convert/-/color-convert-2.0.1.tgz"
  dependencies:
    color-name "~1.1.4"

color-name@1.1.3:
  version "1.1.3"
  resolved "https://registry.npmjs.org/color-name/-/color-name-1.1.3.tgz"

color-name@~1.1.4:
  version "1.1.4"
  resolved "https://registry.npmjs.org/color-name/-/color-name-1.1.4.tgz"

concat-map@0.0.1:
  version "0.0.1"
  resolved "https://registry.npmjs.org/concat-map/-/concat-map-0.0.1.tgz"

content-disposition@0.5.2:
  version "0.5.2"
  resolved "https://registry.npmjs.org/content-disposition/-/content-disposition-0.5.2.tgz"

cosmiconfig@^7.0.0:
  version "7.0.0"
  resolved "https://registry.npmjs.org/cosmiconfig/-/cosmiconfig-7.0.0.tgz"
  dependencies:
    "@types/parse-json" "^4.0.0"
    import-fresh "^3.2.1"
    parse-json "^5.0.0"
    path-type "^4.0.0"
    yaml "^1.10.0"

cross-spawn@^7.0.3:
  version "7.0.3"
  resolved "https://registry.npmjs.org/cross-spawn/-/cross-spawn-7.0.3.tgz"
  dependencies:
    path-key "^3.1.0"
    shebang-command "^2.0.0"
    which "^2.0.1"

debug@^4.1.1:
  version "4.1.1"
  resolved "https://registry.npmjs.org/debug/-/debug-4.1.1.tgz"
  dependencies:
    ms "^2.1.1"

dir-glob@^3.0.1:
  version "3.0.1"
  resolved "https://registry.npmjs.org/dir-glob/-/dir-glob-3.0.1.tgz"
  dependencies:
    path-type "^4.0.0"

emoji-regex@^8.0.0:
  version "8.0.0"
  resolved "https://registry.npmjs.org/emoji-regex/-/emoji-regex-8.0.0.tgz"

end-of-stream@^1.1.0:
  version "1.4.4"
  resolved "https://registry.npmjs.org/end-of-stream/-/end-of-stream-1.4.4.tgz"
  dependencies:
    once "^1.4.0"

error-ex@^1.3.1:
  version "1.3.2"
  resolved "https://registry.npmjs.org/error-ex/-/error-ex-1.3.2.tgz"
  dependencies:
    is-arrayish "^0.2.1"

escape-string-regexp@4.0.0:
  version "4.0.0"
  resolved "https://registry.npmjs.org/escape-string-regexp/-/escape-string-regexp-4.0.0.tgz"

escape-string-regexp@^1.0.5:
  version "1.0.5"
  resolved "https://registry.npmjs.org/escape-string-regexp/-/escape-string-regexp-1.0.5.tgz"

extract-zip@^2.0.1:
  version "2.0.1"
  resolved "https://registry.npmjs.org/extract-zip/-/extract-zip-2.0.1.tgz"
  dependencies:
    debug "^4.1.1"
    get-stream "^5.1.0"
    yauzl "^2.10.0"
  optionalDependencies:
    "@types/yauzl" "^2.9.1"

fast-deep-equal@^3.1.1:
  version "3.1.3"
  resolved "https://registry.npmjs.org/fast-deep-equal/-/fast-deep-equal-3.1.3.tgz"

fast-glob@^3.1.1:
  version "3.2.5"
  resolved "https://registry.npmjs.org/fast-glob/-/fast-glob-3.2.5.tgz"
  dependencies:
    "@nodelib/fs.stat" "^2.0.2"
    "@nodelib/fs.walk" "^1.2.3"
    glob-parent "^5.1.0"
    merge2 "^1.3.0"
    micromatch "^4.0.2"
    picomatch "^2.2.1"

fast-url-parser@1.1.3:
  version "1.1.3"
  resolved "https://registry.npmjs.org/fast-url-parser/-/fast-url-parser-1.1.3.tgz"
  dependencies:
    punycode "^1.3.2"

fastq@^1.6.0:
  version "1.6.0"
  resolved "https://registry.npmjs.org/fastq/-/fastq-1.6.0.tgz"
  dependencies:
    reusify "^1.0.0"

fd-slicer@~1.1.0:
  version "1.1.0"
  resolved "https://registry.npmjs.org/fd-slicer/-/fd-slicer-1.1.0.tgz"
  dependencies:
    pend "~1.2.0"

fill-range@^7.0.1:
  version "7.0.1"
  resolved "https://registry.npmjs.org/fill-range/-/fill-range-7.0.1.tgz"
  dependencies:
    to-regex-range "^5.0.1"

fs-extra@^8.1:
  version "8.1.0"
  resolved "https://registry.npmjs.org/fs-extra/-/fs-extra-8.1.0.tgz"
  dependencies:
    graceful-fs "^4.2.0"
    jsonfile "^4.0.0"
    universalify "^0.1.0"

fs.realpath@^1.0.0:
  version "1.0.0"
  resolved "https://registry.npmjs.org/fs.realpath/-/fs.realpath-1.0.0.tgz"

get-stream@^5.1.0:
  version "5.2.0"
  resolved "https://registry.npmjs.org/get-stream/-/get-stream-5.2.0.tgz"
  dependencies:
    pump "^3.0.0"

glob-parent@^5.1.0:
  version "5.1.2"
  resolved "https://registry.npmjs.org/glob-parent/-/glob-parent-5.1.2.tgz"
  dependencies:
    is-glob "^4.0.1"

glob@^7.1.3:
  version "7.1.4"
  resolved "https://registry.npmjs.org/glob/-/glob-7.1.4.tgz"
  dependencies:
    fs.realpath "^1.0.0"
    inflight "^1.0.4"
    inherits "2"
    minimatch "^3.0.4"
    once "^1.3.0"
    path-is-absolute "^1.0.0"

globby@^11.0.1, globby@^11.0.4:
  version "11.0.4"
  resolved "https://registry.npmjs.org/globby/-/globby-11.0.4.tgz"
  dependencies:
    array-union "^2.1.0"
    dir-glob "^3.0.1"
    fast-glob "^3.1.1"
    ignore "^5.1.4"
    merge2 "^1.3.0"
    slash "^3.0.0"

graceful-fs@^4.1.6, graceful-fs@^4.2.0:
  version "4.2.6"
  resolved "https://registry.npmjs.org/graceful-fs/-/graceful-fs-4.2.6.tgz"

has-flag@^3.0.0:
  version "3.0.0"
  resolved "https://registry.npmjs.org/has-flag/-/has-flag-3.0.0.tgz"

has-flag@^4.0.0:
  version "4.0.0"
  resolved "https://registry.npmjs.org/has-flag/-/has-flag-4.0.0.tgz"

ignore@^5.1.4:
  version "5.1.8"
  resolved "https://registry.npmjs.org/ignore/-/ignore-5.1.8.tgz"

image-size@^1.0.0:
  version "1.0.0"
  resolved "https://registry.npmjs.org/image-size/-/image-size-1.0.0.tgz"
  dependencies:
    queue "6.0.2"

import-fresh@^3.2.1:
  version "3.3.0"
  resolved "https://registry.npmjs.org/import-fresh/-/import-fresh-3.3.0.tgz"
  dependencies:
    parent-module "^1.0.0"
    resolve-from "^4.0.0"

indent-string@^4.0.0:
  version "4.0.0"
  resolved "https://registry.npmjs.org/indent-string/-/indent-string-4.0.0.tgz"

inflight@^1.0.4:
  version "1.0.6"
  resolved "https://registry.npmjs.org/inflight/-/inflight-1.0.6.tgz"
  dependencies:
    once "^1.3.0"
    wrappy "1"

inherits@2, inherits@~2.0.3:
  version "2.0.4"
  resolved "https://registry.npmjs.org/inherits/-/inherits-2.0.4.tgz"

is-arrayish@^0.2.1:
  version "0.2.1"
  resolved "https://registry.npmjs.org/is-arrayish/-/is-arrayish-0.2.1.tgz"

is-docker@^2.0.0:
  version "2.1.1"
  resolved "https://registry.npmjs.org/is-docker/-/is-docker-2.1.1.tgz"

is-extglob@^2.1.1:
  version "2.1.1"
  resolved "https://registry.npmjs.org/is-extglob/-/is-extglob-2.1.1.tgz"

is-fullwidth-code-point@^2.0.0:
  version "2.0.0"
  resolved "https://registry.npmjs.org/is-fullwidth-code-point/-/is-fullwidth-code-point-2.0.0.tgz"

is-fullwidth-code-point@^3.0.0:
  version "3.0.0"
  resolved "https://registry.npmjs.org/is-fullwidth-code-point/-/is-fullwidth-code-point-3.0.0.tgz"

is-glob@^4.0.1:
  version "4.0.1"
  resolved "https://registry.npmjs.org/is-glob/-/is-glob-4.0.1.tgz"
  dependencies:
    is-extglob "^2.1.1"

is-number@^7.0.0:
  version "7.0.0"
  resolved "https://registry.npmjs.org/is-number/-/is-number-7.0.0.tgz"

is-wsl@^2.1.1:
  version "2.2.0"
  resolved "https://registry.npmjs.org/is-wsl/-/is-wsl-2.2.0.tgz"
  dependencies:
    is-docker "^2.0.0"

isexe@^2.0.0:
  version "2.0.0"
  resolved "https://registry.npmjs.org/isexe/-/isexe-2.0.0.tgz"

js-tokens@^4.0.0:
  version "4.0.0"
  resolved "https://registry.npmjs.org/js-tokens/-/js-tokens-4.0.0.tgz"

json-parse-even-better-errors@^2.3.0:
  version "2.3.1"
  resolved "https://registry.npmjs.org/json-parse-even-better-errors/-/json-parse-even-better-errors-2.3.1.tgz"

json-schema-traverse@^1.0.0:
  version "1.0.0"
  resolved "https://registry.npmjs.org/json-schema-traverse/-/json-schema-traverse-1.0.0.tgz"

jsonfile@^4.0.0:
  version "4.0.0"
  resolved "https://registry.npmjs.org/jsonfile/-/jsonfile-4.0.0.tgz"
  optionalDependencies:
    graceful-fs "^4.1.6"

lines-and-columns@^1.1.6:
  version "1.1.6"
  resolved "https://registry.npmjs.org/lines-and-columns/-/lines-and-columns-1.1.6.tgz"

lodash._reinterpolate@^3.0.0:
  version "3.0.0"
  resolved "https://registry.npmjs.org/lodash._reinterpolate/-/lodash._reinterpolate-3.0.0.tgz"

lodash.template@^4.4.0:
  version "4.5.0"
  resolved "https://registry.npmjs.org/lodash.template/-/lodash.template-4.5.0.tgz"
  dependencies:
    lodash._reinterpolate "^3.0.0"
    lodash.templatesettings "^4.0.0"

lodash.templatesettings@^4.0.0:
  version "4.2.0"
  resolved "https://registry.npmjs.org/lodash.templatesettings/-/lodash.templatesettings-4.2.0.tgz"
  dependencies:
    lodash._reinterpolate "^3.0.0"

lru-cache@^6.0.0:
  version "6.0.0"
  resolved "https://registry.npmjs.org/lru-cache/-/lru-cache-6.0.0.tgz"
  dependencies:
    yallist "^4.0.0"

merge2@^1.3.0:
  version "1.4.1"
  resolved "https://registry.npmjs.org/merge2/-/merge2-1.4.1.tgz"

micromatch@^4.0.2:
  version "4.0.2"
  resolved "https://registry.npmjs.org/micromatch/-/micromatch-4.0.2.tgz"
  dependencies:
    braces "^3.0.1"
    picomatch "^2.0.5"

mime-db@~1.33.0:
  version "1.33.0"
  resolved "https://registry.npmjs.org/mime-db/-/mime-db-1.33.0.tgz"

mime-types@2.1.18:
  version "2.1.18"
  resolved "https://registry.npmjs.org/mime-types/-/mime-types-2.1.18.tgz"
  dependencies:
    mime-db "~1.33.0"

minimatch@3.0.4, minimatch@^3.0.4:
  version "3.0.4"
  resolved "https://registry.npmjs.org/minimatch/-/minimatch-3.0.4.tgz"
  dependencies:
    brace-expansion "^1.1.7"

ms@^2.1.1:
  version "2.1.2"
  resolved "https://registry.npmjs.org/ms/-/ms-2.1.2.tgz"

once@^1.3.0, once@^1.3.1, once@^1.4.0:
  version "1.4.0"
  resolved "https://registry.npmjs.org/once/-/once-1.4.0.tgz"
  dependencies:
    wrappy "1"

parent-module@^1.0.0:
  version "1.0.1"
  resolved "https://registry.npmjs.org/parent-module/-/parent-module-1.0.1.tgz"
  dependencies:
    callsites "^3.0.0"

parse-json@^5.0.0:
  version "5.2.0"
  resolved "https://registry.npmjs.org/parse-json/-/parse-json-5.2.0.tgz"
  dependencies:
    "@babel/code-frame" "^7.0.0"
    error-ex "^1.3.1"
    json-parse-even-better-errors "^2.3.0"
    lines-and-columns "^1.1.6"

path-is-absolute@^1.0.0:
  version "1.0.1"
  resolved "https://registry.npmjs.org/path-is-absolute/-/path-is-absolute-1.0.1.tgz"

path-is-inside@1.0.2:
  version "1.0.2"
  resolved "https://registry.npmjs.org/path-is-inside/-/path-is-inside-1.0.2.tgz"

path-key@^3.1.0:
  version "3.1.1"
  resolved "https://registry.npmjs.org/path-key/-/path-key-3.1.1.tgz"

path-to-regexp@2.2.1:
  version "2.2.1"
  resolved "https://registry.npmjs.org/path-to-regexp/-/path-to-regexp-2.2.1.tgz"

path-to-regexp@^6.2.0:
  version "6.2.0"
  resolved "https://registry.npmjs.org/path-to-regexp/-/path-to-regexp-6.2.0.tgz"

path-type@^4.0.0:
  version "4.0.0"
  resolved "https://registry.npmjs.org/path-type/-/path-type-4.0.0.tgz"

pend@~1.2.0:
  version "1.2.0"
  resolved "https://registry.npmjs.org/pend/-/pend-1.2.0.tgz"

picomatch@^2.0.5, picomatch@^2.2.1, picomatch@^2.3.0:
  version "2.3.0"
  resolved "https://registry.npmjs.org/picomatch/-/picomatch-2.3.0.tgz"

pump@^3.0.0:
  version "3.0.0"
  resolved "https://registry.npmjs.org/pump/-/pump-3.0.0.tgz"
  dependencies:
    end-of-stream "^1.1.0"
    once "^1.3.1"

punycode@^1.3.2:
  version "1.4.1"
  resolved "https://registry.npmjs.org/punycode/-/punycode-1.4.1.tgz"

punycode@^2.1.0:
  version "2.1.1"
  resolved "https://registry.npmjs.org/punycode/-/punycode-2.1.1.tgz"

queue@6.0.2:
  version "6.0.2"
  resolved "https://registry.npmjs.org/queue/-/queue-6.0.2.tgz"
  dependencies:
    inherits "~2.0.3"

range-parser@1.2.0:
  version "1.2.0"
  resolved "https://registry.npmjs.org/range-parser/-/range-parser-1.2.0.tgz"

require-from-string@^2.0.2:
  version "2.0.2"
  resolved "https://registry.npmjs.org/require-from-string/-/require-from-string-2.0.2.tgz"

resolve-from@^4.0.0:
  version "4.0.0"
  resolved "https://registry.npmjs.org/resolve-from/-/resolve-from-4.0.0.tgz"

reusify@^1.0.0:
  version "1.0.4"
  resolved "https://registry.npmjs.org/reusify/-/reusify-1.0.4.tgz"

rimraf@^3.0.2:
  version "3.0.2"
  resolved "https://registry.npmjs.org/rimraf/-/rimraf-3.0.2.tgz"
  dependencies:
    glob "^7.1.3"

run-parallel@^1.1.9:
  version "1.1.9"
  resolved "https://registry.npmjs.org/run-parallel/-/run-parallel-1.1.9.tgz"

semver@^7.3.2:
  version "7.3.5"
  resolved "https://registry.npmjs.org/semver/-/semver-7.3.5.tgz"
  dependencies:
    lru-cache "^6.0.0"

serve-handler@^6.1.3:
  version "6.1.3"
  resolved "https://registry.npmjs.org/serve-handler/-/serve-handler-6.1.3.tgz"
  dependencies:
    bytes "3.0.0"
    content-disposition "0.5.2"
    fast-url-parser "1.1.3"
    mime-types "2.1.18"
    minimatch "3.0.4"
    path-is-inside "1.0.2"
    path-to-regexp "2.2.1"
    range-parser "1.2.0"

shebang-command@^2.0.0:
  version "2.0.0"
  resolved "https://registry.npmjs.org/shebang-command/-/shebang-command-2.0.0.tgz"
  dependencies:
    shebang-regex "^3.0.0"

shebang-regex@^3.0.0:
  version "3.0.0"
  resolved "https://registry.npmjs.org/shebang-regex/-/shebang-regex-3.0.0.tgz"

slash@^3.0.0:
  version "3.0.0"
  resolved "https://registry.npmjs.org/slash/-/slash-3.0.0.tgz"

string-width@^2.1.1:
  version "2.1.1"
  resolved "https://registry.npmjs.org/string-width/-/string-width-2.1.1.tgz"
  dependencies:
    is-fullwidth-code-point "^2.0.0"
    strip-ansi "^4.0.0"

string-width@^4.0.0, string-width@^4.1.0, string-width@^4.2.0:
  version "4.2.2"
  resolved "https://registry.npmjs.org/string-width/-/string-width-4.2.2.tgz"
  dependencies:
    emoji-regex "^8.0.0"
    is-fullwidth-code-point "^3.0.0"
    strip-ansi "^6.0.0"

strip-ansi@^4.0.0:
  version "4.0.0"
  resolved "https://registry.npmjs.org/strip-ansi/-/strip-ansi-4.0.0.tgz"
  dependencies:
    ansi-regex "^3.0.0"

strip-ansi@^6.0.0:
  version "6.0.0"
  resolved "https://registry.npmjs.org/strip-ansi/-/strip-ansi-6.0.0.tgz"
  dependencies:
    ansi-regex "^5.0.0"

supports-color@^5.3.0:
  version "5.5.0"
  resolved "https://registry.npmjs.org/supports-color/-/supports-color-5.5.0.tgz"
  dependencies:
    has-flag "^3.0.0"

supports-color@^7.1.0:
  version "7.2.0"
  resolved "https://registry.npmjs.org/supports-color/-/supports-color-7.2.0.tgz"
  dependencies:
    has-flag "^4.0.0"

to-regex-range@^5.0.1:
  version "5.0.1"
  resolved "https://registry.npmjs.org/to-regex-range/-/to-regex-range-5.0.1.tgz"
  dependencies:
    is-number "^7.0.0"

tslib@^1.9.3:
  version "1.10.0"
  resolved "https://registry.npmjs.org/tslib/-/tslib-1.10.0.tgz"

tslib@^2.0.0:
  version "2.1.0"
  resolved "https://registry.npmjs.org/tslib/-/tslib-2.1.0.tgz"

universalify@^0.1.0:
  version "0.1.2"
  resolved "https://registry.npmjs.org/universalify/-/universalify-0.1.2.tgz"

uri-js@^4.2.2:
  version "4.2.2"
  resolved "https://registry.npmjs.org/uri-js/-/uri-js-4.2.2.tgz"
  dependencies:
    punycode "^2.1.0"

which@^2.0.1, which@^2.0.2:
  version "2.0.2"
  resolved "https://registry.npmjs.org/which/-/which-2.0.2.tgz"
  dependencies:
    isexe "^2.0.0"

widest-line@^3.1.0:
  version "3.1.0"
  resolved "https://registry.npmjs.org/widest-line/-/widest-line-3.1.0.tgz"
  dependencies:
    string-width "^4.0.0"

wrap-ansi@^4.0.0:
  version "4.0.0"
  resolved "https://registry.npmjs.org/wrap-ansi/-/wrap-ansi-4.0.0.tgz"
  dependencies:
    ansi-styles "^3.2.0"
    string-width "^2.1.1"
    strip-ansi "^4.0.0"

wrap-ansi@^7.0.0:
  version "7.0.0"
  resolved "https://registry.npmjs.org/wrap-ansi/-/wrap-ansi-7.0.0.tgz"
  dependencies:
    ansi-styles "^4.0.0"
    string-width "^4.1.0"
    strip-ansi "^6.0.0"

wrappy@1:
  version "1.0.2"
  resolved "https://registry.npmjs.org/wrappy/-/wrappy-1.0.2.tgz"

ws@^8.0.0:
  version "8.0.0"
  resolved "https://registry.npmjs.org/ws/-/ws-8.0.0.tgz"

yallist@^4.0.0:
  version "4.0.0"
  resolved "https://registry.npmjs.org/yallist/-/yallist-4.0.0.tgz"

yaml@^1.10.0:
  version "1.10.2"
  resolved "https://registry.npmjs.org/yaml/-/yaml-1.10.2.tgz"

yauzl@^2.10.0:
  version "2.10.0"
  resolved "https://registry.npmjs.org/yauzl/-/yauzl-2.10.0.tgz"
  dependencies:
    buffer-crc32 "~0.2.3"
    fd-slicer "~1.1.0"
